
Microsoft Visual Studio Solution File, Format Version 12.00
# Visual Studio 15
VisualStudioVersion = 15.0.26730.16
MinimumVisualStudioVersion = 10.0.40219.1
Project("{FAE04EC0-301F-11D3-BF4B-00C04F79EFBC}") = "LetsRollApi", "LetsRollApi\LetsRollApi.csproj", "{7AFC3097-B7EA-4437-9530-CB8F2B618C60}"
EndProject
Project("{FAE04EC0-301F-11D3-BF4B-00C04F79EFBC}") = "LetsRollApi.Tests", "LetsRollApi.Tests\LetsRollApi.Tests.csproj", "{3481D046-2B9D-40CB-A538-F5767EA5319C}"
EndProject
Global
	GlobalSection(SolutionConfigurationPlatforms) = preSolution
		Debug|Any CPU = Debug|Any CPU
		Release|Any CPU = Release|Any CPU
	EndGlobalSection
	GlobalSection(ProjectConfigurationPlatforms) = postSolution
		{7AFC3097-B7EA-4437-9530-CB8F2B618C60}.Debug|Any CPU.ActiveCfg = Debug|Any CPU
		{7AFC3097-B7EA-4437-9530-CB8F2B618C60}.Debug|Any CPU.Build.0 = Debug|Any CPU
		{7AFC3097-B7EA-4437-9530-CB8F2B618C60}.Release|Any CPU.ActiveCfg = Release|Any CPU
		{7AFC3097-B7EA-4437-9530-CB8F2B618C60}.Release|Any CPU.Build.0 = Release|Any CPU
		{3481D046-2B9D-40CB-A538-F5767EA5319C}.Debug|Any CPU.ActiveCfg = Debug|Any CPU
		{3481D046-2B9D-40CB-A538-F5767EA5319C}.Debug|Any CPU.Build.0 = Debug|Any CPU
		{3481D046-2B9D-40CB-A538-F5767EA5319C}.Release|Any CPU.ActiveCfg = Release|Any CPU
		{3481D046-2B9D-40CB-A538-F5767EA5319C}.Release|Any CPU.Build.0 = Release|Any CPU
	EndGlobalSection
	GlobalSection(SolutionProperties) = preSolution
		HideSolutionNode = FALSE
	EndGlobalSection
	GlobalSection(ExtensibilityGlobals) = postSolution
		SolutionGuid = {55466CA6-C524-4FD8-95C5-926CC10F6BEF}
	EndGlobalSection
EndGlobal
